
Microsoft Visual Studio Solution File, Format Version 12.00
# Visual Studio Version 17
VisualStudioVersion = 17.11.34909.67
MinimumVisualStudioVersion = 10.0.40219.1
Project("{2150E333-8FDC-42A3-9474-1A3956D46DE8}") = "src", "src", "{E7B4852D-64D4-42C5-A652-80255D1E6D74}"
EndProject
Project("{9A19103F-16F7-4668-BE54-9A1E7A4F7556}") = "InventoryCart.Domain", "src\InventoryCart.Domain\InventoryCart.Domain.csproj", "{F619FECA-CD59-4DD6-8ADC-F8E2BE3971CE}"
EndProject
Project("{9A19103F-16F7-4668-BE54-9A1E7A4F7556}") = "InventoryCart.Application", "src\InventoryCart.Application\InventoryCart.Application.csproj", "{380154C7-68AE-43D0-BD34-31EFA8E5E7F8}"
EndProject
Project("{9A19103F-16F7-4668-BE54-9A1E7A4F7556}") = "InnventoryCart.Infrastructure", "src\InnventoryCart.Infrastructure\InnventoryCart.Infrastructure.csproj", "{A7189D7B-702E-4C2A-BB46-F9781C6D7C95}"
EndProject
Project("{FAE04EC0-301F-11D3-BF4B-00C04F79EFBC}") = "ImventoryCart.API", "src\ImventoryCart.API\ImventoryCart.API.csproj", "{13F6C0F7-6FBC-44C7-8373-D939629180A3}"
EndProject
Global
	GlobalSection(SolutionConfigurationPlatforms) = preSolution
		Debug|Any CPU = Debug|Any CPU
		Release|Any CPU = Release|Any CPU
	EndGlobalSection
	GlobalSection(ProjectConfigurationPlatforms) = postSolution
		{F619FECA-CD59-4DD6-8ADC-F8E2BE3971CE}.Debug|Any CPU.ActiveCfg = Debug|Any CPU
		{F619FECA-CD59-4DD6-8ADC-F8E2BE3971CE}.Debug|Any CPU.Build.0 = Debug|Any CPU
		{F619FECA-CD59-4DD6-8ADC-F8E2BE3971CE}.Release|Any CPU.ActiveCfg = Release|Any CPU
		{F619FECA-CD59-4DD6-8ADC-F8E2BE3971CE}.Release|Any CPU.Build.0 = Release|Any CPU
		{380154C7-68AE-43D0-BD34-31EFA8E5E7F8}.Debug|Any CPU.ActiveCfg = Debug|Any CPU
		{380154C7-68AE-43D0-BD34-31EFA8E5E7F8}.Debug|Any CPU.Build.0 = Debug|Any CPU
		{380154C7-68AE-43D0-BD34-31EFA8E5E7F8}.Release|Any CPU.ActiveCfg = Release|Any CPU
		{380154C7-68AE-43D0-BD34-31EFA8E5E7F8}.Release|Any CPU.Build.0 = Release|Any CPU
		{A7189D7B-702E-4C2A-BB46-F9781C6D7C95}.Debug|Any CPU.ActiveCfg = Debug|Any CPU
		{A7189D7B-702E-4C2A-BB46-F9781C6D7C95}.Debug|Any CPU.Build.0 = Debug|Any CPU
		{A7189D7B-702E-4C2A-BB46-F9781C6D7C95}.Release|Any CPU.ActiveCfg = Release|Any CPU
		{A7189D7B-702E-4C2A-BB46-F9781C6D7C95}.Release|Any CPU.Build.0 = Release|Any CPU
		{13F6C0F7-6FBC-44C7-8373-D939629180A3}.Debug|Any CPU.ActiveCfg = Debug|Any CPU
		{13F6C0F7-6FBC-44C7-8373-D939629180A3}.Debug|Any CPU.Build.0 = Debug|Any CPU
		{13F6C0F7-6FBC-44C7-8373-D939629180A3}.Release|Any CPU.ActiveCfg = Release|Any CPU
		{13F6C0F7-6FBC-44C7-8373-D939629180A3}.Release|Any CPU.Build.0 = Release|Any CPU
	EndGlobalSection
	GlobalSection(SolutionProperties) = preSolution
		HideSolutionNode = FALSE
	EndGlobalSection
	GlobalSection(NestedProjects) = preSolution
		{F619FECA-CD59-4DD6-8ADC-F8E2BE3971CE} = {E7B4852D-64D4-42C5-A652-80255D1E6D74}
		{13F6C0F7-6FBC-44C7-8373-D939629180A3} = {E7B4852D-64D4-42C5-A652-80255D1E6D74}
	EndGlobalSection
	GlobalSection(ExtensibilityGlobals) = postSolution
		SolutionGuid = {65F9526E-CBD6-4245-A4FF-9885114C8C86}
	EndGlobalSection
EndGlobal
